
Microsoft Visual Studio Solution File, Format Version 12.00
# Visual Studio Version 17
VisualStudioVersion = 17.8.34525.116
MinimumVisualStudioVersion = 10.0.40219.1
Project("{FAE04EC0-301F-11D3-BF4B-00C04F79EFBC}") = "IDGEN", "IDGEN\IDGEN.csproj", "{AD9F2846-C1EF-49BC-8681-E8B4E7CEEF05}"
EndProject
Project("{FAE04EC0-301F-11D3-BF4B-00C04F79EFBC}") = "IDGEN.Core", "IDGEN.Core\IDGEN.Core.csproj", "{37306502-AB10-4CD1-B45F-CD2CAB7F6D2C}"
EndProject
Project("{FAE04EC0-301F-11D3-BF4B-00C04F79EFBC}") = "IDGEN.Data", "IDGEN.Data\IDGEN.Data.csproj", "{4209061C-7C99-467B-9093-28FCE8431F7B}"
EndProject
Global
	GlobalSection(SolutionConfigurationPlatforms) = preSolution
		Debug|Any CPU = Debug|Any CPU
		Release|Any CPU = Release|Any CPU
	EndGlobalSection
	GlobalSection(ProjectConfigurationPlatforms) = postSolution
		{AD9F2846-C1EF-49BC-8681-E8B4E7CEEF05}.Debug|Any CPU.ActiveCfg = Debug|Any CPU
		{AD9F2846-C1EF-49BC-8681-E8B4E7CEEF05}.Debug|Any CPU.Build.0 = Debug|Any CPU
		{AD9F2846-C1EF-49BC-8681-E8B4E7CEEF05}.Release|Any CPU.ActiveCfg = Release|Any CPU
		{AD9F2846-C1EF-49BC-8681-E8B4E7CEEF05}.Release|Any CPU.Build.0 = Release|Any CPU
		{37306502-AB10-4CD1-B45F-CD2CAB7F6D2C}.Debug|Any CPU.ActiveCfg = Debug|Any CPU
		{37306502-AB10-4CD1-B45F-CD2CAB7F6D2C}.Debug|Any CPU.Build.0 = Debug|Any CPU
		{37306502-AB10-4CD1-B45F-CD2CAB7F6D2C}.Release|Any CPU.ActiveCfg = Release|Any CPU
		{37306502-AB10-4CD1-B45F-CD2CAB7F6D2C}.Release|Any CPU.Build.0 = Release|Any CPU
		{4209061C-7C99-467B-9093-28FCE8431F7B}.Debug|Any CPU.ActiveCfg = Debug|Any CPU
		{4209061C-7C99-467B-9093-28FCE8431F7B}.Debug|Any CPU.Build.0 = Debug|Any CPU
		{4209061C-7C99-467B-9093-28FCE8431F7B}.Release|Any CPU.ActiveCfg = Release|Any CPU
		{4209061C-7C99-467B-9093-28FCE8431F7B}.Release|Any CPU.Build.0 = Release|Any CPU
	EndGlobalSection
	GlobalSection(SolutionProperties) = preSolution
		HideSolutionNode = FALSE
	EndGlobalSection
	GlobalSection(ExtensibilityGlobals) = postSolution
		SolutionGuid = {5B026E26-F7C0-4161-93C1-10585B2893EE}
	EndGlobalSection
EndGlobal
